// !$*UTF8*$!
{
	archiveVersion = 1;
	classes = {
	};
	objectVersion = 50;
	objects = {

/* Begin PBXBuildFile section */
		0445B4D72C63E19F005C31EB /* AppDelegate.swift in Sources */ = {isa = PBXBuildFile; fileRef = 0445B4D62C63E19F005C31EB /* AppDelegate.swift */; };
		0445B4D92C63E19F005C31EB /* SceneDelegate.swift in Sources */ = {isa = PBXBuildFile; fileRef = 0445B4D82C63E19F005C31EB /* SceneDelegate.swift */; };
		0445B4DB2C63E19F005C31EB /* ViewController.swift in Sources */ = {isa = PBXBuildFile; fileRef = 0445B4DA2C63E19F005C31EB /* ViewController.swift */; };
		0445B4DE2C63E1A0005C31EB /* Main.storyboard in Resources */ = {isa = PBXBuildFile; fileRef = 0445B4DC2C63E1A0005C31EB /* Main.storyboard */; };
		0445B4E02C63E1A7005C31EB /* Assets.xcassets in Resources */ = {isa = PBXBuildFile; fileRef = 0445B4DF2C63E1A7005C31EB /* Assets.xcassets */; };
		0445B4E32C63E1A7005C31EB /* LaunchScreen.storyboard in Resources */ = {isa = PBXBuildFile; fileRef = 0445B4E12C63E1A7005C31EB /* LaunchScreen.storyboard */; };
		0445B4EE2C63E1A7005C31EB /* AppLifeCycleTests.swift in Sources */ = {isa = PBXBuildFile; fileRef = 0445B4ED2C63E1A7005C31EB /* AppLifeCycleTests.swift */; };
		0445B4F92C63E1A7005C31EB /* AppLifeCycleUITests.swift in Sources */ = {isa = PBXBuildFile; fileRef = 0445B4F82C63E1A7005C31EB /* AppLifeCycleUITests.swift */; };
/* End PBXBuildFile section */

/* Begin PBXContainerItemProxy section */
		0445B4EA2C63E1A7005C31EB /* PBXContainerItemProxy */ = {
			isa = PBXContainerItemProxy;
			containerPortal = 0445B4CB2C63E19F005C31EB /* Project object */;
			proxyType = 1;
			remoteGlobalIDString = 0445B4D22C63E19F005C31EB;
			remoteInfo = AppLifeCycle;
		};
		0445B4F52C63E1A7005C31EB /* PBXContainerItemProxy */ = {
			isa = PBXContainerItemProxy;
			containerPortal = 0445B4CB2C63E19F005C31EB /* Project object */;
			proxyType = 1;
			remoteGlobalIDString = 0445B4D22C63E19F005C31EB;
			remoteInfo = AppLifeCycle;
		};
/* End PBXContainerItemProxy section */

/* Begin PBXFileReference section */
		0445B4D32C63E19F005C31EB /* AppLifeCycle.app */ = {isa = PBXFileReference; explicitFileType = wrapper.application; includeInIndex = 0; path = AppLifeCycle.app; sourceTree = BUILT_PRODUCTS_DIR; };
		0445B4D62C63E19F005C31EB /* AppDelegate.swift */ = {isa = PBXFileReference; lastKnownFileType = sourcecode.swift; path = AppDelegate.swift; sourceTree = "<group>"; };
		0445B4D82C63E19F005C31EB /* SceneDelegate.swift */ = {isa = PBXFileReference; lastKnownFileType = sourcecode.swift; path = SceneDelegate.swift; sourceTree = "<group>"; };
		0445B4DA2C63E19F005C31EB /* ViewController.swift */ = {isa = PBXFileReference; lastKnownFileType = sourcecode.swift; path = ViewController.swift; sourceTree = "<group>"; };
		0445B4DD2C63E1A0005C31EB /* Base */ = {isa = PBXFileReference; lastKnownFileType = file.storyboard; name = Base; path = Base.lproj/Main.storyboard; sourceTree = "<group>"; };
		0445B4DF2C63E1A7005C31EB /* Assets.xcassets */ = {isa = PBXFileReference; lastKnownFileType = folder.assetcatalog; path = Assets.xcassets; sourceTree = "<group>"; };
		0445B4E22C63E1A7005C31EB /* Base */ = {isa = PBXFileReference; lastKnownFileType = file.storyboard; name = Base; path = Base.lproj/LaunchScreen.storyboard; sourceTree = "<group>"; };
		0445B4E42C63E1A7005C31EB /* Info.plist */ = {isa = PBXFileReference; lastKnownFileType = text.plist.xml; path = Info.plist; sourceTree = "<group>"; };
		0445B4E92C63E1A7005C31EB /* AppLifeCycleTests.xctest */ = {isa = PBXFileReference; explicitFileType = wrapper.cfbundle; includeInIndex = 0; path = AppLifeCycleTests.xctest; sourceTree = BUILT_PRODUCTS_DIR; };
		0445B4ED2C63E1A7005C31EB /* AppLifeCycleTests.swift */ = {isa = PBXFileReference; lastKnownFileType = sourcecode.swift; path = AppLifeCycleTests.swift; sourceTree = "<group>"; };
		0445B4EF2C63E1A7005C31EB /* Info.plist */ = {isa = PBXFileReference; lastKnownFileType = text.plist.xml; path = Info.plist; sourceTree = "<group>"; };
		0445B4F42C63E1A7005C31EB /* AppLifeCycleUITests.xctest */ = {isa = PBXFileReference; explicitFileType = wrapper.cfbundle; includeInIndex = 0; path = AppLifeCycleUITests.xctest; sourceTree = BUILT_PRODUCTS_DIR; };
		0445B4F82C63E1A7005C31EB /* AppLifeCycleUITests.swift */ = {isa = PBXFileReference; lastKnownFileType = sourcecode.swift; path = AppLifeCycleUITests.swift; sourceTree = "<group>"; };
		0445B4FA2C63E1A7005C31EB /* Info.plist */ = {isa = PBXFileReference; lastKnownFileType = text.plist.xml; path = Info.plist; sourceTree = "<group>"; };
/* End PBXFileReference section */

/* Begin PBXFrameworksBuildPhase section */
		0445B4D02C63E19F005C31EB /* Frameworks */ = {
			isa = PBXFrameworksBuildPhase;
			buildActionMask = 2147483647;
			files = (
			);
			runOnlyForDeploymentPostprocessing = 0;
		};
		0445B4E62C63E1A7005C31EB /* Frameworks */ = {
			isa = PBXFrameworksBuildPhase;
			buildActionMask = 2147483647;
			files = (
			);
			runOnlyForDeploymentPostprocessing = 0;
		};
		0445B4F12C63E1A7005C31EB /* Frameworks */ = {
			isa = PBXFrameworksBuildPhase;
			buildActionMask = 2147483647;
			files = (
			);
			runOnlyForDeploymentPostprocessing = 0;
		};
/* End PBXFrameworksBuildPhase section */

/* Begin PBXGroup section */
		0445B4CA2C63E19F005C31EB = {
			isa = PBXGroup;
			children = (
				0445B4D52C63E19F005C31EB /* AppLifeCycle */,
				0445B4EC2C63E1A7005C31EB /* AppLifeCycleTests */,
				0445B4F72C63E1A7005C31EB /* AppLifeCycleUITests */,
				0445B4D42C63E19F005C31EB /* Products */,
			);
			sourceTree = "<group>";
		};
		0445B4D42C63E19F005C31EB /* Products */ = {
			isa = PBXGroup;
			children = (
				0445B4D32C63E19F005C31EB /* AppLifeCycle.app */,
				0445B4E92C63E1A7005C31EB /* AppLifeCycleTests.xctest */,
				0445B4F42C63E1A7005C31EB /* AppLifeCycleUITests.xctest */,
			);
			name = Products;
			sourceTree = "<group>";
		};
		0445B4D52C63E19F005C31EB /* AppLifeCycle */ = {
			isa = PBXGroup;
			children = (
				0445B4D62C63E19F005C31EB /* AppDelegate.swift */,
				0445B4D82C63E19F005C31EB /* SceneDelegate.swift */,
				0445B4DA2C63E19F005C31EB /* ViewController.swift */,
				0445B4DC2C63E1A0005C31EB /* Main.storyboard */,
				0445B4DF2C63E1A7005C31EB /* Assets.xcassets */,
				0445B4E12C63E1A7005C31EB /* LaunchScreen.storyboard */,
				0445B4E42C63E1A7005C31EB /* Info.plist */,
			);
			path = AppLifeCycle;
			sourceTree = "<group>";
		};
		0445B4EC2C63E1A7005C31EB /* AppLifeCycleTests */ = {
			isa = PBXGroup;
			children = (
				0445B4ED2C63E1A7005C31EB /* AppLifeCycleTests.swift */,
				0445B4EF2C63E1A7005C31EB /* Info.plist */,
			);
			path = AppLifeCycleTests;
			sourceTree = "<group>";
		};
		0445B4F72C63E1A7005C31EB /* AppLifeCycleUITests */ = {
			isa = PBXGroup;
			children = (
				0445B4F82C63E1A7005C31EB /* AppLifeCycleUITests.swift */,
				0445B4FA2C63E1A7005C31EB /* Info.plist */,
			);
			path = AppLifeCycleUITests;
			sourceTree = "<group>";
		};
/* End PBXGroup section */

/* Begin PBXNativeTarget section */
		0445B4D22C63E19F005C31EB /* AppLifeCycle */ = {
			isa = PBXNativeTarget;
			buildConfigurationList = 0445B4FD2C63E1A7005C31EB /* Build configuration list for PBXNativeTarget "AppLifeCycle" */;
			buildPhases = (
				0445B4CF2C63E19F005C31EB /* Sources */,
				0445B4D02C63E19F005C31EB /* Frameworks */,
				0445B4D12C63E19F005C31EB /* Resources */,
			);
			buildRules = (
			);
			dependencies = (
			);
			name = AppLifeCycle;
			productName = AppLifeCycle;
			productReference = 0445B4D32C63E19F005C31EB /* AppLifeCycle.app */;
			productType = "com.apple.product-type.application";
		};
		0445B4E82C63E1A7005C31EB /* AppLifeCycleTests */ = {
			isa = PBXNativeTarget;
			buildConfigurationList = 0445B5002C63E1A7005C31EB /* Build configuration list for PBXNativeTarget "AppLifeCycleTests" */;
			buildPhases = (
				0445B4E52C63E1A7005C31EB /* Sources */,
				0445B4E62C63E1A7005C31EB /* Frameworks */,
				0445B4E72C63E1A7005C31EB /* Resources */,
			);
			buildRules = (
			);
			dependencies = (
				0445B4EB2C63E1A7005C31EB /* PBXTargetDependency */,
			);
			name = AppLifeCycleTests;
			productName = AppLifeCycleTests;
			productReference = 0445B4E92C63E1A7005C31EB /* AppLifeCycleTests.xctest */;
			productType = "com.apple.product-type.bundle.unit-test";
		};
		0445B4F32C63E1A7005C31EB /* AppLifeCycleUITests */ = {
			isa = PBXNativeTarget;
			buildConfigurationList = 0445B5032C63E1A7005C31EB /* Build configuration list for PBXNativeTarget "AppLifeCycleUITests" */;
			buildPhases = (
				0445B4F02C63E1A7005C31EB /* Sources */,
				0445B4F12C63E1A7005C31EB /* Frameworks */,
				0445B4F22C63E1A7005C31EB /* Resources */,
			);
			buildRules = (
			);
			dependencies = (
				0445B4F62C63E1A7005C31EB /* PBXTargetDependency */,
			);
			name = AppLifeCycleUITests;
			productName = AppLifeCycleUITests;
			productReference = 0445B4F42C63E1A7005C31EB /* AppLifeCycleUITests.xctest */;
			productType = "com.apple.product-type.bundle.ui-testing";
		};
/* End PBXNativeTarget section */

/* Begin PBXProject section */
		0445B4CB2C63E19F005C31EB /* Project object */ = {
			isa = PBXProject;
			attributes = {
				LastSwiftUpdateCheck = 1240;
				LastUpgradeCheck = 1240;
				TargetAttributes = {
					0445B4D22C63E19F005C31EB = {
						CreatedOnToolsVersion = 12.4;
					};
					0445B4E82C63E1A7005C31EB = {
						CreatedOnToolsVersion = 12.4;
						TestTargetID = 0445B4D22C63E19F005C31EB;
					};
					0445B4F32C63E1A7005C31EB = {
						CreatedOnToolsVersion = 12.4;
						TestTargetID = 0445B4D22C63E19F005C31EB;
					};
				};
			};
			buildConfigurationList = 0445B4CE2C63E19F005C31EB /* Build configuration list for PBXProject "AppLifeCycle" */;
			compatibilityVersion = "Xcode 9.3";
			developmentRegion = en;
			hasScannedForEncodings = 0;
			knownRegions = (
				en,
				Base,
			);
			mainGroup = 0445B4CA2C63E19F005C31EB;
			productRefGroup = 0445B4D42C63E19F005C31EB /* Products */;
			projectDirPath = "";
			projectRoot = "";
			targets = (
				0445B4D22C63E19F005C31EB /* AppLifeCycle */,
				0445B4E82C63E1A7005C31EB /* AppLifeCycleTests */,
				0445B4F32C63E1A7005C31EB /* AppLifeCycleUITests */,
			);
		};
/* End PBXProject section */

/* Begin PBXResourcesBuildPhase section */
		0445B4D12C63E19F005C31EB /* Resources */ = {
			isa = PBXResourcesBuildPhase;
			buildActionMask = 2147483647;
			files = (
				0445B4E32C63E1A7005C31EB /* LaunchScreen.storyboard in Resources */,
				0445B4E02C63E1A7005C31EB /* Assets.xcassets in Resources */,
				0445B4DE2C63E1A0005C31EB /* Main.storyboard in Resources */,
			);
			runOnlyForDeploymentPostprocessing = 0;
		};
		0445B4E72C63E1A7005C31EB /* Resources */ = {
			isa = PBXResourcesBuildPhase;
			buildActionMask = 2147483647;
			files = (
			);
			runOnlyForDeploymentPostprocessing = 0;
		};
		0445B4F22C63E1A7005C31EB /* Resources */ = {
			isa = PBXResourcesBuildPhase;
			buildActionMask = 2147483647;
			files = (
			);
			runOnlyForDeploymentPostprocessing = 0;
		};
/* End PBXResourcesBuildPhase section */

/* Begin PBXSourcesBuildPhase section */
		0445B4CF2C63E19F005C31EB /* Sources */ = {
			isa = PBXSourcesBuildPhase;
			buildActionMask = 2147483647;
			files = (
				0445B4DB2C63E19F005C31EB /* ViewController.swift in Sources */,
				0445B4D72C63E19F005C31EB /* AppDelegate.swift in Sources */,
				0445B4D92C63E19F005C31EB /* SceneDelegate.swift in Sources */,
			);
			runOnlyForDeploymentPostprocessing = 0;
		};
		0445B4E52C63E1A7005C31EB /* Sources */ = {
			isa = PBXSourcesBuildPhase;
			buildActionMask = 2147483647;
			files = (
				0445B4EE2C63E1A7005C31EB /* AppLifeCycleTests.swift in Sources */,
			);
			runOnlyForDeploymentPostprocessing = 0;
		};
		0445B4F02C63E1A7005C31EB /* Sources */ = {
			isa = PBXSourcesBuildPhase;
			buildActionMask = 2147483647;
			files = (
				0445B4F92C63E1A7005C31EB /* AppLifeCycleUITests.swift in Sources */,
			);
			runOnlyForDeploymentPostprocessing = 0;
		};
/* End PBXSourcesBuildPhase section */

/* Begin PBXTargetDependency section */
		0445B4EB2C63E1A7005C31EB /* PBXTargetDependency */ = {
			isa = PBXTargetDependency;
			target = 0445B4D22C63E19F005C31EB /* AppLifeCycle */;
			targetProxy = 0445B4EA2C63E1A7005C31EB /* PBXContainerItemProxy */;
		};
		0445B4F62C63E1A7005C31EB /* PBXTargetDependency */ = {
			isa = PBXTargetDependency;
			target = 0445B4D22C63E19F005C31EB /* AppLifeCycle */;
			targetProxy = 0445B4F52C63E1A7005C31EB /* PBXContainerItemProxy */;
		};
/* End PBXTargetDependency section */

/* Begin PBXVariantGroup section */
		0445B4DC2C63E1A0005C31EB /* Main.storyboard */ = {
			isa = PBXVariantGroup;
			children = (
				0445B4DD2C63E1A0005C31EB /* Base */,
			);
			name = Main.storyboard;
			sourceTree = "<group>";
		};
		0445B4E12C63E1A7005C31EB /* LaunchScreen.storyboard */ = {
			isa = PBXVariantGroup;
			children = (
				0445B4E22C63E1A7005C31EB /* Base */,
			);
			name = LaunchScreen.storyboard;
			sourceTree = "<group>";
		};
/* End PBXVariantGroup section */

/* Begin XCBuildConfiguration section */
		0445B4FB2C63E1A7005C31EB /* Debug */ = {
			isa = XCBuildConfiguration;
			buildSettings = {
				ALWAYS_SEARCH_USER_PATHS = NO;
				CLANG_ANALYZER_NONNULL = YES;
				CLANG_ANALYZER_NUMBER_OBJECT_CONVERSION = YES_AGGRESSIVE;
				CLANG_CXX_LANGUAGE_STANDARD = "gnu++14";
				CLANG_CXX_LIBRARY = "libc++";
				CLANG_ENABLE_MODULES = YES;
				CLANG_ENABLE_OBJC_ARC = YES;
				CLANG_ENABLE_OBJC_WEAK = YES;
				CLANG_WARN_BLOCK_CAPTURE_AUTORELEASING = YES;
				CLANG_WARN_BOOL_CONVERSION = YES;
				CLANG_WARN_COMMA = YES;
				CLANG_WARN_CONSTANT_CONVERSION = YES;
				CLANG_WARN_DEPRECATED_OBJC_IMPLEMENTATIONS = YES;
				CLANG_WARN_DIRECT_OBJC_ISA_USAGE = YES_ERROR;
				CLANG_WARN_DOCUMENTATION_COMMENTS = YES;
				CLANG_WARN_EMPTY_BODY = YES;
				CLANG_WARN_ENUM_CONVERSION = YES;
				CLANG_WARN_INFINITE_RECURSION = YES;
				CLANG_WARN_INT_CONVERSION = YES;
				CLANG_WARN_NON_LITERAL_NULL_CONVERSION = YES;
				CLANG_WARN_OBJC_IMPLICIT_RETAIN_SELF = YES;
				CLANG_WARN_OBJC_LITERAL_CONVERSION = YES;
				CLANG_WARN_OBJC_ROOT_CLASS = YES_ERROR;
				CLANG_WARN_QUOTED_INCLUDE_IN_FRAMEWORK_HEADER = YES;
				CLANG_WARN_RANGE_LOOP_ANALYSIS = YES;
				CLANG_WARN_STRICT_PROTOTYPES = YES;
				CLANG_WARN_SUSPICIOUS_MOVE = YES;
				CLANG_WARN_UNGUARDED_AVAILABILITY = YES_AGGRESSIVE;
				CLANG_WARN_UNREACHABLE_CODE = YES;
				CLANG_WARN__DUPLICATE_METHOD_MATCH = YES;
				COPY_PHASE_STRIP = NO;
				DEBUG_INFORMATION_FORMAT = dwarf;
				ENABLE_STRICT_OBJC_MSGSEND = YES;
				ENABLE_TESTABILITY = YES;
				GCC_C_LANGUAGE_STANDARD = gnu11;
				GCC_DYNAMIC_NO_PIC = NO;
				GCC_NO_COMMON_BLOCKS = YES;
				GCC_OPTIMIZATION_LEVEL = 0;
				GCC_PREPROCESSOR_DEFINITIONS = (
					"DEBUG=1",
					"$(inherited)",
				);
				GCC_WARN_64_TO_32_BIT_CONVERSION = YES;
				GCC_WARN_ABOUT_RETURN_TYPE = YES_ERROR;
				GCC_WARN_UNDECLARED_SELECTOR = YES;
				GCC_WARN_UNINITIALIZED_AUTOS = YES_AGGRESSIVE;
				GCC_WARN_UNUSED_FUNCTION = YES;
				GCC_WARN_UNUSED_VARIABLE = YES;
				IPHONEOS_DEPLOYMENT_TARGET = 14.4;
				MTL_ENABLE_DEBUG_INFO = INCLUDE_SOURCE;
				MTL_FAST_MATH = YES;
				ONLY_ACTIVE_ARCH = YES;
				SDKROOT = iphoneos;
				SWIFT_ACTIVE_COMPILATION_CONDITIONS = DEBUG;
				SWIFT_OPTIMIZATION_LEVEL = "-Onone";
			};
			name = Debug;
		};
		0445B4FC2C63E1A7005C31EB /* Release */ = {
			isa = XCBuildConfiguration;
			buildSettings = {
				ALWAYS_SEARCH_USER_PATHS = NO;
				CLANG_ANALYZER_NONNULL = YES;
				CLANG_ANALYZER_NUMBER_OBJECT_CONVERSION = YES_AGGRESSIVE;
				CLANG_CXX_LANGUAGE_STANDARD = "gnu++14";
				CLANG_CXX_LIBRARY = "libc++";
				CLANG_ENABLE_MODULES = YES;
				CLANG_ENABLE_OBJC_ARC = YES;
				CLANG_ENABLE_OBJC_WEAK = YES;
				CLANG_WARN_BLOCK_CAPTURE_AUTORELEASING = YES;
				CLANG_WARN_BOOL_CONVERSION = YES;
				CLANG_WARN_COMMA = YES;
				CLANG_WARN_CONSTANT_CONVERSION = YES;
				CLANG_WARN_DEPRECATED_OBJC_IMPLEMENTATIONS = YES;
				CLANG_WARN_DIRECT_OBJC_ISA_USAGE = YES_ERROR;
				CLANG_WARN_DOCUMENTATION_COMMENTS = YES;
				CLANG_WARN_EMPTY_BODY = YES;
				CLANG_WARN_ENUM_CONVERSION = YES;
				CLANG_WARN_INFINITE_RECURSION = YES;
				CLANG_WARN_INT_CONVERSION = YES;
				CLANG_WARN_NON_LITERAL_NULL_CONVERSION = YES;
				CLANG_WARN_OBJC_IMPLICIT_RETAIN_SELF = YES;
				CLANG_WARN_OBJC_LITERAL_CONVERSION = YES;
				CLANG_WARN_OBJC_ROOT_CLASS = YES_ERROR;
				CLANG_WARN_QUOTED_INCLUDE_IN_FRAMEWORK_HEADER = YES;
				CLANG_WARN_RANGE_LOOP_ANALYSIS = YES;
				CLANG_WARN_STRICT_PROTOTYPES = YES;
				CLANG_WARN_SUSPICIOUS_MOVE = YES;
				CLANG_WARN_UNGUARDED_AVAILABILITY = YES_AGGRESSIVE;
				CLANG_WARN_UNREACHABLE_CODE = YES;
				CLANG_WARN__DUPLICATE_METHOD_MATCH = YES;
				COPY_PHASE_STRIP = NO;
				DEBUG_INFORMATION_FORMAT = "dwarf-with-dsym";
				ENABLE_NS_ASSERTIONS = NO;
				ENABLE_STRICT_OBJC_MSGSEND = YES;
				GCC_C_LANGUAGE_STANDARD = gnu11;
				GCC_NO_COMMON_BLOCKS = YES;
				GCC_WARN_64_TO_32_BIT_CONVERSION = YES;
				GCC_WARN_ABOUT_RETURN_TYPE = YES_ERROR;
				GCC_WARN_UNDECLARED_SELECTOR = YES;
				GCC_WARN_UNINITIALIZED_AUTOS = YES_AGGRESSIVE;
				GCC_WARN_UNUSED_FUNCTION = YES;
				GCC_WARN_UNUSED_VARIABLE = YES;
				IPHONEOS_DEPLOYMENT_TARGET = 14.4;
				MTL_ENABLE_DEBUG_INFO = NO;
				MTL_FAST_MATH = YES;
				SDKROOT = iphoneos;
				SWIFT_COMPILATION_MODE = wholemodule;
				SWIFT_OPTIMIZATION_LEVEL = "-O";
				VALIDATE_PRODUCT = YES;
			};
			name = Release;
		};
		0445B4FE2C63E1A7005C31EB /* Debug */ = {
			isa = XCBuildConfiguration;
			buildSettings = {
				ASSETCATALOG_COMPILER_APPICON_NAME = AppIcon;
				ASSETCATALOG_COMPILER_GLOBAL_ACCENT_COLOR_NAME = AccentColor;
				CODE_SIGN_STYLE = Automatic;
				INFOPLIST_FILE = AppLifeCycle/Info.plist;
				LD_RUNPATH_SEARCH_PATHS = (
					"$(inherited)",
					"@executable_path/Frameworks",
				);
				PRODUCT_BUNDLE_IDENTIFIER = None.AppLifeCycle;
				PRODUCT_NAME = "$(TARGET_NAME)";
				SWIFT_VERSION = 5.0;
				TARGETED_DEVICE_FAMILY = "1,2";
			};
			name = Debug;
		};
		0445B4FF2C63E1A7005C31EB /* Release */ = {
			isa = XCBuildConfiguration;
			buildSettings = {
				ASSETCATALOG_COMPILER_APPICON_NAME = AppIcon;
				ASSETCATALOG_COMPILER_GLOBAL_ACCENT_COLOR_NAME = AccentColor;
				CODE_SIGN_STYLE = Automatic;
				INFOPLIST_FILE = AppLifeCycle/Info.plist;
				LD_RUNPATH_SEARCH_PATHS = (
					"$(inherited)",
					"@executable_path/Frameworks",
				);
				PRODUCT_BUNDLE_IDENTIFIER = None.AppLifeCycle;
				PRODUCT_NAME = "$(TARGET_NAME)";
				SWIFT_VERSION = 5.0;
				TARGETED_DEVICE_FAMILY = "1,2";
			};
			name = Release;
		};
		0445B5012C63E1A7005C31EB /* Debug */ = {
			isa = XCBuildConfiguration;
			buildSettings = {
				ALWAYS_EMBED_SWIFT_STANDARD_LIBRARIES = YES;
				BUNDLE_LOADER = "$(TEST_HOST)";
				CODE_SIGN_STYLE = Automatic;
				INFOPLIST_FILE = AppLifeCycleTests/Info.plist;
				IPHONEOS_DEPLOYMENT_TARGET = 14.4;
				LD_RUNPATH_SEARCH_PATHS = (
					"$(inherited)",
					"@executable_path/Frameworks",
					"@loader_path/Frameworks",
				);
				PRODUCT_BUNDLE_IDENTIFIER = None.AppLifeCycleTests;
				PRODUCT_NAME = "$(TARGET_NAME)";
				SWIFT_VERSION = 5.0;
				TARGETED_DEVICE_FAMILY = "1,2";
				TEST_HOST = "$(BUILT_PRODUCTS_DIR)/AppLifeCycle.app/AppLifeCycle";
			};
			name = Debug;
		};
		0445B5022C63E1A7005C31EB /* Release */ = {
			isa = XCBuildConfiguration;
			buildSettings = {
				ALWAYS_EMBED_SWIFT_STANDARD_LIBRARIES = YES;
				BUNDLE_LOADER = "$(TEST_HOST)";
				CODE_SIGN_STYLE = Automatic;
				INFOPLIST_FILE = AppLifeCycleTests/Info.plist;
				IPHONEOS_DEPLOYMENT_TARGET = 14.4;
				LD_RUNPATH_SEARCH_PATHS = (
					"$(inherited)",
					"@executable_path/Frameworks",
					"@loader_path/Frameworks",
				);
				PRODUCT_BUNDLE_IDENTIFIER = None.AppLifeCycleTests;
				PRODUCT_NAME = "$(TARGET_NAME)";
				SWIFT_VERSION = 5.0;
				TARGETED_DEVICE_FAMILY = "1,2";
				TEST_HOST = "$(BUILT_PRODUCTS_DIR)/AppLifeCycle.app/AppLifeCycle";
			};
			name = Release;
		};
		0445B5042C63E1A7005C31EB /* Debug */ = {
			isa = XCBuildConfiguration;
			buildSettings = {
				ALWAYS_EMBED_SWIFT_STANDARD_LIBRARIES = YES;
				CODE_SIGN_STYLE = Automatic;
				INFOPLIST_FILE = AppLifeCycleUITests/Info.plist;
				LD_RUNPATH_SEARCH_PATHS = (
					"$(inherited)",
					"@executable_path/Frameworks",
					"@loader_path/Frameworks",
				);
				PRODUCT_BUNDLE_IDENTIFIER = None.AppLifeCycleUITests;
				PRODUCT_NAME = "$(TARGET_NAME)";
				SWIFT_VERSION = 5.0;
				TARGETED_DEVICE_FAMILY = "1,2";
				TEST_TARGET_NAME = AppLifeCycle;
			};
			name = Debug;
		};
		0445B5052C63E1A7005C31EB /* Release */ = {
			isa = XCBuildConfiguration;
			buildSettings = {
				ALWAYS_EMBED_SWIFT_STANDARD_LIBRARIES = YES;
				CODE_SIGN_STYLE = Automatic;
				INFOPLIST_FILE = AppLifeCycleUITests/Info.plist;
				LD_RUNPATH_SEARCH_PATHS = (
					"$(inherited)",
					"@executable_path/Frameworks",
					"@loader_path/Frameworks",
				);
				PRODUCT_BUNDLE_IDENTIFIER = None.AppLifeCycleUITests;
				PRODUCT_NAME = "$(TARGET_NAME)";
				SWIFT_VERSION = 5.0;
				TARGETED_DEVICE_FAMILY = "1,2";
				TEST_TARGET_NAME = AppLifeCycle;
			};
			name = Release;
		};
/* End XCBuildConfiguration section */

/* Begin XCConfigurationList section */
		0445B4CE2C63E19F005C31EB /* Build configuration list for PBXProject "AppLifeCycle" */ = {
			isa = XCConfigurationList;
			buildConfigurations = (
				0445B4FB2C63E1A7005C31EB /* Debug */,
				0445B4FC2C63E1A7005C31EB /* Release */,
			);
			defaultConfigurationIsVisible = 0;
			defaultConfigurationName = Release;
		};
		0445B4FD2C63E1A7005C31EB /* Build configuration list for PBXNativeTarget "AppLifeCycle" */ = {
			isa = XCConfigurationList;
			buildConfigurations = (
				0445B4FE2C63E1A7005C31EB /* Debug */,
				0445B4FF2C63E1A7005C31EB /* Release */,
			);
			defaultConfigurationIsVisible = 0;
			defaultConfigurationName = Release;
		};
		0445B5002C63E1A7005C31EB /* Build configuration list for PBXNativeTarget "AppLifeCycleTests" */ = {
			isa = XCConfigurationList;
			buildConfigurations = (
				0445B5012C63E1A7005C31EB /* Debug */,
				0445B5022C63E1A7005C31EB /* Release */,
			);
			defaultConfigurationIsVisible = 0;
			defaultConfigurationName = Release;
		};
		0445B5032C63E1A7005C31EB /* Build configuration list for PBXNativeTarget "AppLifeCycleUITests" */ = {
			isa = XCConfigurationList;
			buildConfigurations = (
				0445B5042C63E1A7005C31EB /* Debug */,
				0445B5052C63E1A7005C31EB /* Release */,
			);
			defaultConfigurationIsVisible = 0;
			defaultConfigurationName = Release;
		};
/* End XCConfigurationList section */
	};
	rootObject = 0445B4CB2C63E19F005C31EB /* Project object */;
}
